
Microsoft Visual Studio Solution File, Format Version 12.00
# Visual Studio Version 17
VisualStudioVersion = 17.9.34622.214
MinimumVisualStudioVersion = 10.0.40219.1
Project("{FAE04EC0-301F-11D3-BF4B-00C04F79EFBC}") = "Json Game Data Parser", "Json Game Data Parser\Json Game Data Parser.csproj", "{08EDB05F-811A-4902-9AC0-0606FF19B006}"
EndProject
Global
	GlobalSection(SolutionConfigurationPlatforms) = preSolution
		Debug|Any CPU = Debug|Any CPU
		Release|Any CPU = Release|Any CPU
	EndGlobalSection
	GlobalSection(ProjectConfigurationPlatforms) = postSolution
		{08EDB05F-811A-4902-9AC0-0606FF19B006}.Debug|Any CPU.ActiveCfg = Debug|Any CPU
		{08EDB05F-811A-4902-9AC0-0606FF19B006}.Debug|Any CPU.Build.0 = Debug|Any CPU
		{08EDB05F-811A-4902-9AC0-0606FF19B006}.Release|Any CPU.ActiveCfg = Release|Any CPU
		{08EDB05F-811A-4902-9AC0-0606FF19B006}.Release|Any CPU.Build.0 = Release|Any CPU
	EndGlobalSection
	GlobalSection(SolutionProperties) = preSolution
		HideSolutionNode = FALSE
	EndGlobalSection
	GlobalSection(ExtensibilityGlobals) = postSolution
		SolutionGuid = {BE3243CE-9188-4FDA-95FA-A0BF7B026C4A}
	EndGlobalSection
EndGlobal
